
Microsoft Visual Studio Solution File, Format Version 12.00
# Visual Studio Version 17
VisualStudioVersion = 17.10.35013.160
MinimumVisualStudioVersion = 10.0.40219.1
Project("{FAE04EC0-301F-11D3-BF4B-00C04F79EFBC}") = "Fluorine.Bot", "Fluorine.Bot\Fluorine.Bot.csproj", "{1E638EF7-A5C7-49C8-95A3-D2E392CAF9DC}"
EndProject
Global
	GlobalSection(SolutionConfigurationPlatforms) = preSolution
		Debug|Any CPU = Debug|Any CPU
		Release|Any CPU = Release|Any CPU
	EndGlobalSection
	GlobalSection(ProjectConfigurationPlatforms) = postSolution
		{1E638EF7-A5C7-49C8-95A3-D2E392CAF9DC}.Debug|Any CPU.ActiveCfg = Debug|Any CPU
		{1E638EF7-A5C7-49C8-95A3-D2E392CAF9DC}.Debug|Any CPU.Build.0 = Debug|Any CPU
		{1E638EF7-A5C7-49C8-95A3-D2E392CAF9DC}.Release|Any CPU.ActiveCfg = Release|Any CPU
		{1E638EF7-A5C7-49C8-95A3-D2E392CAF9DC}.Release|Any CPU.Build.0 = Release|Any CPU
	EndGlobalSection
	GlobalSection(SolutionProperties) = preSolution
		HideSolutionNode = FALSE
	EndGlobalSection
	GlobalSection(ExtensibilityGlobals) = postSolution
		SolutionGuid = {DD377D9C-9F00-40D6-97F8-E9EB2A861532}
	EndGlobalSection
EndGlobal
